// !$*UTF8*$!
{
	archiveVersion = 1;
	classes = {
	};
	objectVersion = 55;
	objects = {

/* Begin PBXBuildFile section */
		181FE11E74C513A2B0188E6F /* Pods_Quadrant.framework in Frameworks */ = {isa = PBXBuildFile; fileRef = B04A7BACB452785B1C6340F8 /* Pods_Quadrant.framework */; };
		4055A40985B5E44DC5FED0E9 /* Pods_Quadrant_QuadrantUITests.framework in Frameworks */ = {isa = PBXBuildFile; fileRef = 1B1757D3BEE90D216F711E86 /* Pods_Quadrant_QuadrantUITests.framework */; };
		7E7E82A62759B5AF00EB2B1B /* ErrorResponse.swift in Sources */ = {isa = PBXBuildFile; fileRef = 7E7E82A52759B5AF00EB2B1B /* ErrorResponse.swift */; };
		7E7E82A92759B66200EB2B1B /* MainService.swift in Sources */ = {isa = PBXBuildFile; fileRef = 7E7E82A82759B66200EB2B1B /* MainService.swift */; };
		7E7E82AC2759B75A00EB2B1B /* AppSetting.swift in Sources */ = {isa = PBXBuildFile; fileRef = 7E7E82AB2759B75A00EB2B1B /* AppSetting.swift */; };
		7E7E82AE2759B97C00EB2B1B /* AppSettingConstant.swift in Sources */ = {isa = PBXBuildFile; fileRef = 7E7E82AD2759B97C00EB2B1B /* AppSettingConstant.swift */; };
		7E7E82B02759CFE400EB2B1B /* CurrentPriceResponse.swift in Sources */ = {isa = PBXBuildFile; fileRef = 7E7E82AF2759CFE400EB2B1B /* CurrentPriceResponse.swift */; };
		7E7E82B32759D9C900EB2B1B /* String+Extension.swift in Sources */ = {isa = PBXBuildFile; fileRef = 7E7E82B22759D9C900EB2B1B /* String+Extension.swift */; };
		7E7E82B8275A063100EB2B1B /* MainCellView.xib in Resources */ = {isa = PBXBuildFile; fileRef = 7E7E82B7275A063100EB2B1B /* MainCellView.xib */; };
		7E7E82BA275A064700EB2B1B /* MainCellView.swift in Sources */ = {isa = PBXBuildFile; fileRef = 7E7E82B9275A064700EB2B1B /* MainCellView.swift */; };
		7ED32543275A0E5B009E4665 /* PriceIndex.swift in Sources */ = {isa = PBXBuildFile; fileRef = 7ED32542275A0E5B009E4665 /* PriceIndex.swift */; };
		7ED32546275ABD2F009E4665 /* UIConstant.swift in Sources */ = {isa = PBXBuildFile; fileRef = 7ED32545275ABD2F009E4665 /* UIConstant.swift */; };
		7ED3254A275AC229009E4665 /* MainProtocol.swift in Sources */ = {isa = PBXBuildFile; fileRef = 7ED32549275AC229009E4665 /* MainProtocol.swift */; };
		7ED3254C275AC29C009E4665 /* MainPresenter.swift in Sources */ = {isa = PBXBuildFile; fileRef = 7ED3254B275AC29C009E4665 /* MainPresenter.swift */; };
		7ED3254E275AC2BD009E4665 /* MainInteractor.swift in Sources */ = {isa = PBXBuildFile; fileRef = 7ED3254D275AC2BD009E4665 /* MainInteractor.swift */; };
		7ED32550275B7087009E4665 /* DataService.swift in Sources */ = {isa = PBXBuildFile; fileRef = 7ED3254F275B7087009E4665 /* DataService.swift */; };
		7ED32552275B8794009E4665 /* DateFormatConstant.swift in Sources */ = {isa = PBXBuildFile; fileRef = 7ED32551275B8794009E4665 /* DateFormatConstant.swift */; };
		7ED32554275BD35D009E4665 /* LocationService.swift in Sources */ = {isa = PBXBuildFile; fileRef = 7ED32553275BD35D009E4665 /* LocationService.swift */; };
		7EE0399827599E8600AACC71 /* AppDelegate.swift in Sources */ = {isa = PBXBuildFile; fileRef = 7EE0399727599E8600AACC71 /* AppDelegate.swift */; };
		7EE0399A27599E8600AACC71 /* SceneDelegate.swift in Sources */ = {isa = PBXBuildFile; fileRef = 7EE0399927599E8600AACC71 /* SceneDelegate.swift */; };
		7EE0399C27599E8600AACC71 /* MainView.swift in Sources */ = {isa = PBXBuildFile; fileRef = 7EE0399B27599E8600AACC71 /* MainView.swift */; };
		7EE039A127599E8800AACC71 /* Assets.xcassets in Resources */ = {isa = PBXBuildFile; fileRef = 7EE039A027599E8800AACC71 /* Assets.xcassets */; };
		7EE039A427599E8800AACC71 /* LaunchScreen.storyboard in Resources */ = {isa = PBXBuildFile; fileRef = 7EE039A227599E8800AACC71 /* LaunchScreen.storyboard */; };
		7EE039AF27599E8800AACC71 /* QuadrantTests.swift in Sources */ = {isa = PBXBuildFile; fileRef = 7EE039AE27599E8800AACC71 /* QuadrantTests.swift */; };
		7EE039B927599E8800AACC71 /* QuadrantUITests.swift in Sources */ = {isa = PBXBuildFile; fileRef = 7EE039B827599E8800AACC71 /* QuadrantUITests.swift */; };
		7EE039BB27599E8800AACC71 /* QuadrantUITestsLaunchTests.swift in Sources */ = {isa = PBXBuildFile; fileRef = 7EE039BA27599E8800AACC71 /* QuadrantUITestsLaunchTests.swift */; };
		7EE039CC27599FA000AACC71 /* MainView.xib in Resources */ = {isa = PBXBuildFile; fileRef = 7EE039CB27599FA000AACC71 /* MainView.xib */; };
		7EE039CE2759ABA500AACC71 /* NetworkService.swift in Sources */ = {isa = PBXBuildFile; fileRef = 7EE039CD2759ABA500AACC71 /* NetworkService.swift */; };
		87DFEAD67FD6C90501D18B92 /* Pods_QuadrantTests.framework in Frameworks */ = {isa = PBXBuildFile; fileRef = 357CB6CE1B6BA7C2117113C3 /* Pods_QuadrantTests.framework */; };
/* End PBXBuildFile section */

/* Begin PBXContainerItemProxy section */
		7EE039AB27599E8800AACC71 /* PBXContainerItemProxy */ = {
			isa = PBXContainerItemProxy;
			containerPortal = 7EE0398C27599E8600AACC71 /* Project object */;
			proxyType = 1;
			remoteGlobalIDString = 7EE0399327599E8600AACC71;
			remoteInfo = Quadrant;
		};
		7EE039B527599E8800AACC71 /* PBXContainerItemProxy */ = {
			isa = PBXContainerItemProxy;
			containerPortal = 7EE0398C27599E8600AACC71 /* Project object */;
			proxyType = 1;
			remoteGlobalIDString = 7EE0399327599E8600AACC71;
			remoteInfo = Quadrant;
		};
/* End PBXContainerItemProxy section */

/* Begin PBXFileReference section */
		0C3118E513ACE92CCEC88FFB /* Pods-Quadrant.release.xcconfig */ = {isa = PBXFileReference; includeInIndex = 1; lastKnownFileType = text.xcconfig; name = "Pods-Quadrant.release.xcconfig"; path = "Target Support Files/Pods-Quadrant/Pods-Quadrant.release.xcconfig"; sourceTree = "<group>"; };
		1B1757D3BEE90D216F711E86 /* Pods_Quadrant_QuadrantUITests.framework */ = {isa = PBXFileReference; explicitFileType = wrapper.framework; includeInIndex = 0; path = Pods_Quadrant_QuadrantUITests.framework; sourceTree = BUILT_PRODUCTS_DIR; };
		1C830A86CBA744F7E2A6E13C /* Pods-QuadrantTests.debug.xcconfig */ = {isa = PBXFileReference; includeInIndex = 1; lastKnownFileType = text.xcconfig; name = "Pods-QuadrantTests.debug.xcconfig"; path = "Target Support Files/Pods-QuadrantTests/Pods-QuadrantTests.debug.xcconfig"; sourceTree = "<group>"; };
		357CB6CE1B6BA7C2117113C3 /* Pods_QuadrantTests.framework */ = {isa = PBXFileReference; explicitFileType = wrapper.framework; includeInIndex = 0; path = Pods_QuadrantTests.framework; sourceTree = BUILT_PRODUCTS_DIR; };
		46EBF7B0C05B145F16BF1C4E /* Pods-Quadrant.debug.xcconfig */ = {isa = PBXFileReference; includeInIndex = 1; lastKnownFileType = text.xcconfig; name = "Pods-Quadrant.debug.xcconfig"; path = "Target Support Files/Pods-Quadrant/Pods-Quadrant.debug.xcconfig"; sourceTree = "<group>"; };
		6E1CAC3423BA2B50AB2DBC30 /* Pods-Quadrant-QuadrantUITests.debug.xcconfig */ = {isa = PBXFileReference; includeInIndex = 1; lastKnownFileType = text.xcconfig; name = "Pods-Quadrant-QuadrantUITests.debug.xcconfig"; path = "Target Support Files/Pods-Quadrant-QuadrantUITests/Pods-Quadrant-QuadrantUITests.debug.xcconfig"; sourceTree = "<group>"; };
		7E7E82A52759B5AF00EB2B1B /* ErrorResponse.swift */ = {isa = PBXFileReference; lastKnownFileType = sourcecode.swift; path = ErrorResponse.swift; sourceTree = "<group>"; };
		7E7E82A82759B66200EB2B1B /* MainService.swift */ = {isa = PBXFileReference; lastKnownFileType = sourcecode.swift; path = MainService.swift; sourceTree = "<group>"; };
		7E7E82AB2759B75A00EB2B1B /* AppSetting.swift */ = {isa = PBXFileReference; lastKnownFileType = sourcecode.swift; path = AppSetting.swift; sourceTree = "<group>"; };
		7E7E82AD2759B97C00EB2B1B /* AppSettingConstant.swift */ = {isa = PBXFileReference; lastKnownFileType = sourcecode.swift; path = AppSettingConstant.swift; sourceTree = "<group>"; };
		7E7E82AF2759CFE400EB2B1B /* CurrentPriceResponse.swift */ = {isa = PBXFileReference; lastKnownFileType = sourcecode.swift; path = CurrentPriceResponse.swift; sourceTree = "<group>"; };
		7E7E82B22759D9C900EB2B1B /* String+Extension.swift */ = {isa = PBXFileReference; lastKnownFileType = sourcecode.swift; path = "String+Extension.swift"; sourceTree = "<group>"; };
		7E7E82B7275A063100EB2B1B /* MainCellView.xib */ = {isa = PBXFileReference; lastKnownFileType = file.xib; path = MainCellView.xib; sourceTree = "<group>"; };
		7E7E82B9275A064700EB2B1B /* MainCellView.swift */ = {isa = PBXFileReference; lastKnownFileType = sourcecode.swift; path = MainCellView.swift; sourceTree = "<group>"; };
		7ED32542275A0E5B009E4665 /* PriceIndex.swift */ = {isa = PBXFileReference; lastKnownFileType = sourcecode.swift; path = PriceIndex.swift; sourceTree = "<group>"; };
		7ED32545275ABD2F009E4665 /* UIConstant.swift */ = {isa = PBXFileReference; lastKnownFileType = sourcecode.swift; path = UIConstant.swift; sourceTree = "<group>"; };
		7ED32549275AC229009E4665 /* MainProtocol.swift */ = {isa = PBXFileReference; lastKnownFileType = sourcecode.swift; path = MainProtocol.swift; sourceTree = "<group>"; };
		7ED3254B275AC29C009E4665 /* MainPresenter.swift */ = {isa = PBXFileReference; lastKnownFileType = sourcecode.swift; path = MainPresenter.swift; sourceTree = "<group>"; };
		7ED3254D275AC2BD009E4665 /* MainInteractor.swift */ = {isa = PBXFileReference; lastKnownFileType = sourcecode.swift; path = MainInteractor.swift; sourceTree = "<group>"; };
		7ED3254F275B7087009E4665 /* DataService.swift */ = {isa = PBXFileReference; lastKnownFileType = sourcecode.swift; path = DataService.swift; sourceTree = "<group>"; };
		7ED32551275B8794009E4665 /* DateFormatConstant.swift */ = {isa = PBXFileReference; lastKnownFileType = sourcecode.swift; path = DateFormatConstant.swift; sourceTree = "<group>"; };
		7ED32553275BD35D009E4665 /* LocationService.swift */ = {isa = PBXFileReference; lastKnownFileType = sourcecode.swift; path = LocationService.swift; sourceTree = "<group>"; };
		7EE0399427599E8600AACC71 /* Quadrant.app */ = {isa = PBXFileReference; explicitFileType = wrapper.application; includeInIndex = 0; path = Quadrant.app; sourceTree = BUILT_PRODUCTS_DIR; };
		7EE0399727599E8600AACC71 /* AppDelegate.swift */ = {isa = PBXFileReference; lastKnownFileType = sourcecode.swift; path = AppDelegate.swift; sourceTree = "<group>"; };
		7EE0399927599E8600AACC71 /* SceneDelegate.swift */ = {isa = PBXFileReference; lastKnownFileType = sourcecode.swift; path = SceneDelegate.swift; sourceTree = "<group>"; };
		7EE0399B27599E8600AACC71 /* MainView.swift */ = {isa = PBXFileReference; lastKnownFileType = sourcecode.swift; path = MainView.swift; sourceTree = "<group>"; };
		7EE039A027599E8800AACC71 /* Assets.xcassets */ = {isa = PBXFileReference; lastKnownFileType = folder.assetcatalog; path = Assets.xcassets; sourceTree = "<group>"; };
		7EE039A327599E8800AACC71 /* Base */ = {isa = PBXFileReference; lastKnownFileType = file.storyboard; name = Base; path = Base.lproj/LaunchScreen.storyboard; sourceTree = "<group>"; };
		7EE039A527599E8800AACC71 /* Info.plist */ = {isa = PBXFileReference; lastKnownFileType = text.plist.xml; path = Info.plist; sourceTree = "<group>"; };
		7EE039AA27599E8800AACC71 /* QuadrantTests.xctest */ = {isa = PBXFileReference; explicitFileType = wrapper.cfbundle; includeInIndex = 0; path = QuadrantTests.xctest; sourceTree = BUILT_PRODUCTS_DIR; };
		7EE039AE27599E8800AACC71 /* QuadrantTests.swift */ = {isa = PBXFileReference; lastKnownFileType = sourcecode.swift; path = QuadrantTests.swift; sourceTree = "<group>"; };
		7EE039B427599E8800AACC71 /* QuadrantUITests.xctest */ = {isa = PBXFileReference; explicitFileType = wrapper.cfbundle; includeInIndex = 0; path = QuadrantUITests.xctest; sourceTree = BUILT_PRODUCTS_DIR; };
		7EE039B827599E8800AACC71 /* QuadrantUITests.swift */ = {isa = PBXFileReference; lastKnownFileType = sourcecode.swift; path = QuadrantUITests.swift; sourceTree = "<group>"; };
		7EE039BA27599E8800AACC71 /* QuadrantUITestsLaunchTests.swift */ = {isa = PBXFileReference; lastKnownFileType = sourcecode.swift; path = QuadrantUITestsLaunchTests.swift; sourceTree = "<group>"; };
		7EE039CB27599FA000AACC71 /* MainView.xib */ = {isa = PBXFileReference; lastKnownFileType = file.xib; path = MainView.xib; sourceTree = "<group>"; };
		7EE039CD2759ABA500AACC71 /* NetworkService.swift */ = {isa = PBXFileReference; lastKnownFileType = sourcecode.swift; path = NetworkService.swift; sourceTree = "<group>"; };
		B04A7BACB452785B1C6340F8 /* Pods_Quadrant.framework */ = {isa = PBXFileReference; explicitFileType = wrapper.framework; includeInIndex = 0; path = Pods_Quadrant.framework; sourceTree = BUILT_PRODUCTS_DIR; };
		DA1418D243856388C9201F96 /* Pods-QuadrantTests.release.xcconfig */ = {isa = PBXFileReference; includeInIndex = 1; lastKnownFileType = text.xcconfig; name = "Pods-QuadrantTests.release.xcconfig"; path = "Target Support Files/Pods-QuadrantTests/Pods-QuadrantTests.release.xcconfig"; sourceTree = "<group>"; };
		E3EF75726C8E25521363049A /* Pods-Quadrant-QuadrantUITests.release.xcconfig */ = {isa = PBXFileReference; includeInIndex = 1; lastKnownFileType = text.xcconfig; name = "Pods-Quadrant-QuadrantUITests.release.xcconfig"; path = "Target Support Files/Pods-Quadrant-QuadrantUITests/Pods-Quadrant-QuadrantUITests.release.xcconfig"; sourceTree = "<group>"; };
/* End PBXFileReference section */

/* Begin PBXFrameworksBuildPhase section */
		7EE0399127599E8600AACC71 /* Frameworks */ = {
			isa = PBXFrameworksBuildPhase;
			buildActionMask = 2147483647;
			files = (
				181FE11E74C513A2B0188E6F /* Pods_Quadrant.framework in Frameworks */,
			);
			runOnlyForDeploymentPostprocessing = 0;
		};
		7EE039A727599E8800AACC71 /* Frameworks */ = {
			isa = PBXFrameworksBuildPhase;
			buildActionMask = 2147483647;
			files = (
				87DFEAD67FD6C90501D18B92 /* Pods_QuadrantTests.framework in Frameworks */,
			);
			runOnlyForDeploymentPostprocessing = 0;
		};
		7EE039B127599E8800AACC71 /* Frameworks */ = {
			isa = PBXFrameworksBuildPhase;
			buildActionMask = 2147483647;
			files = (
				4055A40985B5E44DC5FED0E9 /* Pods_Quadrant_QuadrantUITests.framework in Frameworks */,
			);
			runOnlyForDeploymentPostprocessing = 0;
		};
/* End PBXFrameworksBuildPhase section */

/* Begin PBXGroup section */
		13E676CB4B6A0770A1996864 /* Pods */ = {
			isa = PBXGroup;
			children = (
				46EBF7B0C05B145F16BF1C4E /* Pods-Quadrant.debug.xcconfig */,
				0C3118E513ACE92CCEC88FFB /* Pods-Quadrant.release.xcconfig */,
				6E1CAC3423BA2B50AB2DBC30 /* Pods-Quadrant-QuadrantUITests.debug.xcconfig */,
				E3EF75726C8E25521363049A /* Pods-Quadrant-QuadrantUITests.release.xcconfig */,
				1C830A86CBA744F7E2A6E13C /* Pods-QuadrantTests.debug.xcconfig */,
				DA1418D243856388C9201F96 /* Pods-QuadrantTests.release.xcconfig */,
			);
			path = Pods;
			sourceTree = "<group>";
		};
		3981F5DCD53CF92CF064A24A /* Frameworks */ = {
			isa = PBXGroup;
			children = (
				B04A7BACB452785B1C6340F8 /* Pods_Quadrant.framework */,
				1B1757D3BEE90D216F711E86 /* Pods_Quadrant_QuadrantUITests.framework */,
				357CB6CE1B6BA7C2117113C3 /* Pods_QuadrantTests.framework */,
			);
			name = Frameworks;
			sourceTree = "<group>";
		};
		7E7E82A32759B56B00EB2B1B /* Model */ = {
			isa = PBXGroup;
			children = (
				7E7E82A42759B59800EB2B1B /* Response */,
				7ED32542275A0E5B009E4665 /* PriceIndex.swift */,
			);
			path = Model;
			sourceTree = "<group>";
		};
		7E7E82A42759B59800EB2B1B /* Response */ = {
			isa = PBXGroup;
			children = (
				7E7E82A52759B5AF00EB2B1B /* ErrorResponse.swift */,
				7E7E82AF2759CFE400EB2B1B /* CurrentPriceResponse.swift */,
			);
			path = Response;
			sourceTree = "<group>";
		};
		7E7E82A72759B63800EB2B1B /* FeatureService */ = {
			isa = PBXGroup;
			children = (
				7E7E82A82759B66200EB2B1B /* MainService.swift */,
			);
			path = FeatureService;
			sourceTree = "<group>";
		};
		7E7E82AA2759B6FF00EB2B1B /* Constant */ = {
			isa = PBXGroup;
			children = (
				7E7E82AD2759B97C00EB2B1B /* AppSettingConstant.swift */,
				7ED32545275ABD2F009E4665 /* UIConstant.swift */,
				7ED32551275B8794009E4665 /* DateFormatConstant.swift */,
			);
			path = Constant;
			sourceTree = "<group>";
		};
		7E7E82B12759D9BA00EB2B1B /* Extension */ = {
			isa = PBXGroup;
			children = (
				7E7E82B22759D9C900EB2B1B /* String+Extension.swift */,
			);
			path = Extension;
			sourceTree = "<group>";
		};
		7E7E82B6275A060600EB2B1B /* Cell */ = {
			isa = PBXGroup;
			children = (
				7E7E82B7275A063100EB2B1B /* MainCellView.xib */,
				7E7E82B9275A064700EB2B1B /* MainCellView.swift */,
			);
			path = Cell;
			sourceTree = "<group>";
		};
		7EE0398B27599E8600AACC71 = {
			isa = PBXGroup;
			children = (
				7EE0399627599E8600AACC71 /* Quadrant */,
				7EE039AD27599E8800AACC71 /* QuadrantTests */,
				7EE039B727599E8800AACC71 /* QuadrantUITests */,
				7EE0399527599E8600AACC71 /* Products */,
				13E676CB4B6A0770A1996864 /* Pods */,
				3981F5DCD53CF92CF064A24A /* Frameworks */,
			);
			sourceTree = "<group>";
		};
		7EE0399527599E8600AACC71 /* Products */ = {
			isa = PBXGroup;
			children = (
				7EE0399427599E8600AACC71 /* Quadrant.app */,
				7EE039AA27599E8800AACC71 /* QuadrantTests.xctest */,
				7EE039B427599E8800AACC71 /* QuadrantUITests.xctest */,
			);
			name = Products;
			sourceTree = "<group>";
		};
		7EE0399627599E8600AACC71 /* Quadrant */ = {
			isa = PBXGroup;
			children = (
				7E7E82A32759B56B00EB2B1B /* Model */,
				7EE039C927599F2D00AACC71 /* Service */,
				7EE039C827599F0A00AACC71 /* Feature */,
				7EE039C727599EFD00AACC71 /* Common */,
				7EE0399727599E8600AACC71 /* AppDelegate.swift */,
				7EE0399927599E8600AACC71 /* SceneDelegate.swift */,
				7EE039A027599E8800AACC71 /* Assets.xcassets */,
				7EE039A227599E8800AACC71 /* LaunchScreen.storyboard */,
				7EE039A527599E8800AACC71 /* Info.plist */,
			);
			path = Quadrant;
			sourceTree = "<group>";
		};
		7EE039AD27599E8800AACC71 /* QuadrantTests */ = {
			isa = PBXGroup;
			children = (
				7EE039AE27599E8800AACC71 /* QuadrantTests.swift */,
			);
			path = QuadrantTests;
			sourceTree = "<group>";
		};
		7EE039B727599E8800AACC71 /* QuadrantUITests */ = {
			isa = PBXGroup;
			children = (
				7EE039B827599E8800AACC71 /* QuadrantUITests.swift */,
				7EE039BA27599E8800AACC71 /* QuadrantUITestsLaunchTests.swift */,
			);
			path = QuadrantUITests;
			sourceTree = "<group>";
		};
		7EE039C727599EFD00AACC71 /* Common */ = {
			isa = PBXGroup;
			children = (
				7E7E82B12759D9BA00EB2B1B /* Extension */,
				7E7E82AA2759B6FF00EB2B1B /* Constant */,
				7E7E82AB2759B75A00EB2B1B /* AppSetting.swift */,
			);
			path = Common;
			sourceTree = "<group>";
		};
		7EE039C827599F0A00AACC71 /* Feature */ = {
			isa = PBXGroup;
			children = (
				7EE039CA27599F5400AACC71 /* Main */,
			);
			path = Feature;
			sourceTree = "<group>";
		};
		7EE039C927599F2D00AACC71 /* Service */ = {
			isa = PBXGroup;
			children = (
				7E7E82A72759B63800EB2B1B /* FeatureService */,
				7EE039CD2759ABA500AACC71 /* NetworkService.swift */,
				7ED3254F275B7087009E4665 /* DataService.swift */,
				7ED32553275BD35D009E4665 /* LocationService.swift */,
			);
			path = Service;
			sourceTree = "<group>";
		};
		7EE039CA27599F5400AACC71 /* Main */ = {
			isa = PBXGroup;
			children = (
				7E7E82B6275A060600EB2B1B /* Cell */,
				7EE0399B27599E8600AACC71 /* MainView.swift */,
				7EE039CB27599FA000AACC71 /* MainView.xib */,
				7ED32549275AC229009E4665 /* MainProtocol.swift */,
				7ED3254B275AC29C009E4665 /* MainPresenter.swift */,
				7ED3254D275AC2BD009E4665 /* MainInteractor.swift */,
			);
			path = Main;
			sourceTree = "<group>";
		};
/* End PBXGroup section */

/* Begin PBXNativeTarget section */
		7EE0399327599E8600AACC71 /* Quadrant */ = {
			isa = PBXNativeTarget;
			buildConfigurationList = 7EE039BE27599E8800AACC71 /* Build configuration list for PBXNativeTarget "Quadrant" */;
			buildPhases = (
				916A98FE78D17F3CA518F442 /* [CP] Check Pods Manifest.lock */,
				7EE0399027599E8600AACC71 /* Sources */,
				7EE0399127599E8600AACC71 /* Frameworks */,
				7EE0399227599E8600AACC71 /* Resources */,
				35DA34769B16755FA6B412A2 /* [CP] Embed Pods Frameworks */,
			);
			buildRules = (
			);
			dependencies = (
			);
			name = Quadrant;
			productName = Quadrant;
			productReference = 7EE0399427599E8600AACC71 /* Quadrant.app */;
			productType = "com.apple.product-type.application";
		};
		7EE039A927599E8800AACC71 /* QuadrantTests */ = {
			isa = PBXNativeTarget;
			buildConfigurationList = 7EE039C127599E8800AACC71 /* Build configuration list for PBXNativeTarget "QuadrantTests" */;
			buildPhases = (
				9FB5D64875272AACA65E4702 /* [CP] Check Pods Manifest.lock */,
				7EE039A627599E8800AACC71 /* Sources */,
				7EE039A727599E8800AACC71 /* Frameworks */,
				7EE039A827599E8800AACC71 /* Resources */,
			);
			buildRules = (
			);
			dependencies = (
				7EE039AC27599E8800AACC71 /* PBXTargetDependency */,
			);
			name = QuadrantTests;
			productName = QuadrantTests;
			productReference = 7EE039AA27599E8800AACC71 /* QuadrantTests.xctest */;
			productType = "com.apple.product-type.bundle.unit-test";
		};
		7EE039B327599E8800AACC71 /* QuadrantUITests */ = {
			isa = PBXNativeTarget;
			buildConfigurationList = 7EE039C427599E8800AACC71 /* Build configuration list for PBXNativeTarget "QuadrantUITests" */;
			buildPhases = (
				28D16732B9AD89A1A2CD55E3 /* [CP] Check Pods Manifest.lock */,
				7EE039B027599E8800AACC71 /* Sources */,
				7EE039B127599E8800AACC71 /* Frameworks */,
				7EE039B227599E8800AACC71 /* Resources */,
				D4D27A46F70F87762DBFF607 /* [CP] Embed Pods Frameworks */,
			);
			buildRules = (
			);
			dependencies = (
				7EE039B627599E8800AACC71 /* PBXTargetDependency */,
			);
			name = QuadrantUITests;
			productName = QuadrantUITests;
			productReference = 7EE039B427599E8800AACC71 /* QuadrantUITests.xctest */;
			productType = "com.apple.product-type.bundle.ui-testing";
		};
/* End PBXNativeTarget section */

/* Begin PBXProject section */
		7EE0398C27599E8600AACC71 /* Project object */ = {
			isa = PBXProject;
			attributes = {
				BuildIndependentTargetsInParallel = 1;
				LastSwiftUpdateCheck = 1300;
				LastUpgradeCheck = 1300;
				TargetAttributes = {
					7EE0399327599E8600AACC71 = {
						CreatedOnToolsVersion = 13.0;
					};
					7EE039A927599E8800AACC71 = {
						CreatedOnToolsVersion = 13.0;
						TestTargetID = 7EE0399327599E8600AACC71;
					};
					7EE039B327599E8800AACC71 = {
						CreatedOnToolsVersion = 13.0;
						TestTargetID = 7EE0399327599E8600AACC71;
					};
				};
			};
			buildConfigurationList = 7EE0398F27599E8600AACC71 /* Build configuration list for PBXProject "Quadrant" */;
			compatibilityVersion = "Xcode 13.0";
			developmentRegion = en;
			hasScannedForEncodings = 0;
			knownRegions = (
				en,
				Base,
			);
			mainGroup = 7EE0398B27599E8600AACC71;
			productRefGroup = 7EE0399527599E8600AACC71 /* Products */;
			projectDirPath = "";
			projectRoot = "";
			targets = (
				7EE0399327599E8600AACC71 /* Quadrant */,
				7EE039A927599E8800AACC71 /* QuadrantTests */,
				7EE039B327599E8800AACC71 /* QuadrantUITests */,
			);
		};
/* End PBXProject section */

/* Begin PBXResourcesBuildPhase section */
		7EE0399227599E8600AACC71 /* Resources */ = {
			isa = PBXResourcesBuildPhase;
			buildActionMask = 2147483647;
			files = (
				7EE039CC27599FA000AACC71 /* MainView.xib in Resources */,
				7E7E82B8275A063100EB2B1B /* MainCellView.xib in Resources */,
				7EE039A427599E8800AACC71 /* LaunchScreen.storyboard in Resources */,
				7EE039A127599E8800AACC71 /* Assets.xcassets in Resources */,
			);
			runOnlyForDeploymentPostprocessing = 0;
		};
		7EE039A827599E8800AACC71 /* Resources */ = {
			isa = PBXResourcesBuildPhase;
			buildActionMask = 2147483647;
			files = (
			);
			runOnlyForDeploymentPostprocessing = 0;
		};
		7EE039B227599E8800AACC71 /* Resources */ = {
			isa = PBXResourcesBuildPhase;
			buildActionMask = 2147483647;
			files = (
			);
			runOnlyForDeploymentPostprocessing = 0;
		};
/* End PBXResourcesBuildPhase section */

/* Begin PBXShellScriptBuildPhase section */
		28D16732B9AD89A1A2CD55E3 /* [CP] Check Pods Manifest.lock */ = {
			isa = PBXShellScriptBuildPhase;
			buildActionMask = 2147483647;
			files = (
			);
			inputFileListPaths = (
			);
			inputPaths = (
				"${PODS_PODFILE_DIR_PATH}/Podfile.lock",
				"${PODS_ROOT}/Manifest.lock",
			);
			name = "[CP] Check Pods Manifest.lock";
			outputFileListPaths = (
			);
			outputPaths = (
				"$(DERIVED_FILE_DIR)/Pods-Quadrant-QuadrantUITests-checkManifestLockResult.txt",
			);
			runOnlyForDeploymentPostprocessing = 0;
			shellPath = /bin/sh;
			shellScript = "diff \"${PODS_PODFILE_DIR_PATH}/Podfile.lock\" \"${PODS_ROOT}/Manifest.lock\" > /dev/null\nif [ $? != 0 ] ; then\n    # print error to STDERR\n    echo \"error: The sandbox is not in sync with the Podfile.lock. Run 'pod install' or update your CocoaPods installation.\" >&2\n    exit 1\nfi\n# This output is used by Xcode 'outputs' to avoid re-running this script phase.\necho \"SUCCESS\" > \"${SCRIPT_OUTPUT_FILE_0}\"\n";
			showEnvVarsInLog = 0;
		};
		35DA34769B16755FA6B412A2 /* [CP] Embed Pods Frameworks */ = {
			isa = PBXShellScriptBuildPhase;
			buildActionMask = 2147483647;
			files = (
			);
			inputFileListPaths = (
				"${PODS_ROOT}/Target Support Files/Pods-Quadrant/Pods-Quadrant-frameworks-${CONFIGURATION}-input-files.xcfilelist",
			);
			name = "[CP] Embed Pods Frameworks";
			outputFileListPaths = (
				"${PODS_ROOT}/Target Support Files/Pods-Quadrant/Pods-Quadrant-frameworks-${CONFIGURATION}-output-files.xcfilelist",
			);
			runOnlyForDeploymentPostprocessing = 0;
			shellPath = /bin/sh;
			shellScript = "\"${PODS_ROOT}/Target Support Files/Pods-Quadrant/Pods-Quadrant-frameworks.sh\"\n";
			showEnvVarsInLog = 0;
		};
		916A98FE78D17F3CA518F442 /* [CP] Check Pods Manifest.lock */ = {
			isa = PBXShellScriptBuildPhase;
			buildActionMask = 2147483647;
			files = (
			);
			inputFileListPaths = (
			);
			inputPaths = (
				"${PODS_PODFILE_DIR_PATH}/Podfile.lock",
				"${PODS_ROOT}/Manifest.lock",
			);
			name = "[CP] Check Pods Manifest.lock";
			outputFileListPaths = (
			);
			outputPaths = (
				"$(DERIVED_FILE_DIR)/Pods-Quadrant-checkManifestLockResult.txt",
			);
			runOnlyForDeploymentPostprocessing = 0;
			shellPath = /bin/sh;
			shellScript = "diff \"${PODS_PODFILE_DIR_PATH}/Podfile.lock\" \"${PODS_ROOT}/Manifest.lock\" > /dev/null\nif [ $? != 0 ] ; then\n    # print error to STDERR\n    echo \"error: The sandbox is not in sync with the Podfile.lock. Run 'pod install' or update your CocoaPods installation.\" >&2\n    exit 1\nfi\n# This output is used by Xcode 'outputs' to avoid re-running this script phase.\necho \"SUCCESS\" > \"${SCRIPT_OUTPUT_FILE_0}\"\n";
			showEnvVarsInLog = 0;
		};
		9FB5D64875272AACA65E4702 /* [CP] Check Pods Manifest.lock */ = {
			isa = PBXShellScriptBuildPhase;
			buildActionMask = 2147483647;
			files = (
			);
			inputFileListPaths = (
			);
			inputPaths = (
				"${PODS_PODFILE_DIR_PATH}/Podfile.lock",
				"${PODS_ROOT}/Manifest.lock",
			);
			name = "[CP] Check Pods Manifest.lock";
			outputFileListPaths = (
			);
			outputPaths = (
				"$(DERIVED_FILE_DIR)/Pods-QuadrantTests-checkManifestLockResult.txt",
			);
			runOnlyForDeploymentPostprocessing = 0;
			shellPath = /bin/sh;
			shellScript = "diff \"${PODS_PODFILE_DIR_PATH}/Podfile.lock\" \"${PODS_ROOT}/Manifest.lock\" > /dev/null\nif [ $? != 0 ] ; then\n    # print error to STDERR\n    echo \"error: The sandbox is not in sync with the Podfile.lock. Run 'pod install' or update your CocoaPods installation.\" >&2\n    exit 1\nfi\n# This output is used by Xcode 'outputs' to avoid re-running this script phase.\necho \"SUCCESS\" > \"${SCRIPT_OUTPUT_FILE_0}\"\n";
			showEnvVarsInLog = 0;
		};
		D4D27A46F70F87762DBFF607 /* [CP] Embed Pods Frameworks */ = {
			isa = PBXShellScriptBuildPhase;
			buildActionMask = 2147483647;
			files = (
			);
			inputFileListPaths = (
				"${PODS_ROOT}/Target Support Files/Pods-Quadrant-QuadrantUITests/Pods-Quadrant-QuadrantUITests-frameworks-${CONFIGURATION}-input-files.xcfilelist",
			);
			name = "[CP] Embed Pods Frameworks";
			outputFileListPaths = (
				"${PODS_ROOT}/Target Support Files/Pods-Quadrant-QuadrantUITests/Pods-Quadrant-QuadrantUITests-frameworks-${CONFIGURATION}-output-files.xcfilelist",
			);
			runOnlyForDeploymentPostprocessing = 0;
			shellPath = /bin/sh;
			shellScript = "\"${PODS_ROOT}/Target Support Files/Pods-Quadrant-QuadrantUITests/Pods-Quadrant-QuadrantUITests-frameworks.sh\"\n";
			showEnvVarsInLog = 0;
		};
/* End PBXShellScriptBuildPhase section */

/* Begin PBXSourcesBuildPhase section */
		7EE0399027599E8600AACC71 /* Sources */ = {
			isa = PBXSourcesBuildPhase;
			buildActionMask = 2147483647;
			files = (
				7E7E82A62759B5AF00EB2B1B /* ErrorResponse.swift in Sources */,
				7E7E82BA275A064700EB2B1B /* MainCellView.swift in Sources */,
				7ED32543275A0E5B009E4665 /* PriceIndex.swift in Sources */,
				7EE0399C27599E8600AACC71 /* MainView.swift in Sources */,
				7E7E82AC2759B75A00EB2B1B /* AppSetting.swift in Sources */,
				7E7E82B02759CFE400EB2B1B /* CurrentPriceResponse.swift in Sources */,
				7ED32554275BD35D009E4665 /* LocationService.swift in Sources */,
				7E7E82A92759B66200EB2B1B /* MainService.swift in Sources */,
				7E7E82AE2759B97C00EB2B1B /* AppSettingConstant.swift in Sources */,
				7ED32546275ABD2F009E4665 /* UIConstant.swift in Sources */,
				7EE0399827599E8600AACC71 /* AppDelegate.swift in Sources */,
				7ED32552275B8794009E4665 /* DateFormatConstant.swift in Sources */,
				7ED3254C275AC29C009E4665 /* MainPresenter.swift in Sources */,
				7ED3254A275AC229009E4665 /* MainProtocol.swift in Sources */,
				7EE039CE2759ABA500AACC71 /* NetworkService.swift in Sources */,
				7E7E82B32759D9C900EB2B1B /* String+Extension.swift in Sources */,
				7EE0399A27599E8600AACC71 /* SceneDelegate.swift in Sources */,
				7ED3254E275AC2BD009E4665 /* MainInteractor.swift in Sources */,
				7ED32550275B7087009E4665 /* DataService.swift in Sources */,
			);
			runOnlyForDeploymentPostprocessing = 0;
		};
		7EE039A627599E8800AACC71 /* Sources */ = {
			isa = PBXSourcesBuildPhase;
			buildActionMask = 2147483647;
			files = (
				7EE039AF27599E8800AACC71 /* QuadrantTests.swift in Sources */,
			);
			runOnlyForDeploymentPostprocessing = 0;
		};
		7EE039B027599E8800AACC71 /* Sources */ = {
			isa = PBXSourcesBuildPhase;
			buildActionMask = 2147483647;
			files = (
				7EE039BB27599E8800AACC71 /* QuadrantUITestsLaunchTests.swift in Sources */,
				7EE039B927599E8800AACC71 /* QuadrantUITests.swift in Sources */,
			);
			runOnlyForDeploymentPostprocessing = 0;
		};
/* End PBXSourcesBuildPhase section */

/* Begin PBXTargetDependency section */
		7EE039AC27599E8800AACC71 /* PBXTargetDependency */ = {
			isa = PBXTargetDependency;
			target = 7EE0399327599E8600AACC71 /* Quadrant */;
			targetProxy = 7EE039AB27599E8800AACC71 /* PBXContainerItemProxy */;
		};
		7EE039B627599E8800AACC71 /* PBXTargetDependency */ = {
			isa = PBXTargetDependency;
			target = 7EE0399327599E8600AACC71 /* Quadrant */;
			targetProxy = 7EE039B527599E8800AACC71 /* PBXContainerItemProxy */;
		};
/* End PBXTargetDependency section */

/* Begin PBXVariantGroup section */
		7EE039A227599E8800AACC71 /* LaunchScreen.storyboard */ = {
			isa = PBXVariantGroup;
			children = (
				7EE039A327599E8800AACC71 /* Base */,
			);
			name = LaunchScreen.storyboard;
			sourceTree = "<group>";
		};
/* End PBXVariantGroup section */

/* Begin XCBuildConfiguration section */
		7EE039BC27599E8800AACC71 /* Debug */ = {
			isa = XCBuildConfiguration;
			buildSettings = {
				ALWAYS_SEARCH_USER_PATHS = NO;
				CLANG_ANALYZER_NONNULL = YES;
				CLANG_ANALYZER_NUMBER_OBJECT_CONVERSION = YES_AGGRESSIVE;
				CLANG_CXX_LANGUAGE_STANDARD = "gnu++17";
				CLANG_CXX_LIBRARY = "libc++";
				CLANG_ENABLE_MODULES = YES;
				CLANG_ENABLE_OBJC_ARC = YES;
				CLANG_ENABLE_OBJC_WEAK = YES;
				CLANG_WARN_BLOCK_CAPTURE_AUTORELEASING = YES;
				CLANG_WARN_BOOL_CONVERSION = YES;
				CLANG_WARN_COMMA = YES;
				CLANG_WARN_CONSTANT_CONVERSION = YES;
				CLANG_WARN_DEPRECATED_OBJC_IMPLEMENTATIONS = YES;
				CLANG_WARN_DIRECT_OBJC_ISA_USAGE = YES_ERROR;
				CLANG_WARN_DOCUMENTATION_COMMENTS = YES;
				CLANG_WARN_EMPTY_BODY = YES;
				CLANG_WARN_ENUM_CONVERSION = YES;
				CLANG_WARN_INFINITE_RECURSION = YES;
				CLANG_WARN_INT_CONVERSION = YES;
				CLANG_WARN_NON_LITERAL_NULL_CONVERSION = YES;
				CLANG_WARN_OBJC_IMPLICIT_RETAIN_SELF = YES;
				CLANG_WARN_OBJC_LITERAL_CONVERSION = YES;
				CLANG_WARN_OBJC_ROOT_CLASS = YES_ERROR;
				CLANG_WARN_QUOTED_INCLUDE_IN_FRAMEWORK_HEADER = YES;
				CLANG_WARN_RANGE_LOOP_ANALYSIS = YES;
				CLANG_WARN_STRICT_PROTOTYPES = YES;
				CLANG_WARN_SUSPICIOUS_MOVE = YES;
				CLANG_WARN_UNGUARDED_AVAILABILITY = YES_AGGRESSIVE;
				CLANG_WARN_UNREACHABLE_CODE = YES;
				CLANG_WARN__DUPLICATE_METHOD_MATCH = YES;
				COPY_PHASE_STRIP = NO;
				DEBUG_INFORMATION_FORMAT = dwarf;
				ENABLE_STRICT_OBJC_MSGSEND = YES;
				ENABLE_TESTABILITY = YES;
				GCC_C_LANGUAGE_STANDARD = gnu11;
				GCC_DYNAMIC_NO_PIC = NO;
				GCC_NO_COMMON_BLOCKS = YES;
				GCC_OPTIMIZATION_LEVEL = 0;
				GCC_PREPROCESSOR_DEFINITIONS = (
					"DEBUG=1",
					"$(inherited)",
				);
				GCC_WARN_64_TO_32_BIT_CONVERSION = YES;
				GCC_WARN_ABOUT_RETURN_TYPE = YES_ERROR;
				GCC_WARN_UNDECLARED_SELECTOR = YES;
				GCC_WARN_UNINITIALIZED_AUTOS = YES_AGGRESSIVE;
				GCC_WARN_UNUSED_FUNCTION = YES;
				GCC_WARN_UNUSED_VARIABLE = YES;
				IPHONEOS_DEPLOYMENT_TARGET = 15.0;
				MTL_ENABLE_DEBUG_INFO = INCLUDE_SOURCE;
				MTL_FAST_MATH = YES;
				ONLY_ACTIVE_ARCH = YES;
				SDKROOT = iphoneos;
				SWIFT_ACTIVE_COMPILATION_CONDITIONS = DEBUG;
				SWIFT_OPTIMIZATION_LEVEL = "-Onone";
			};
			name = Debug;
		};
		7EE039BD27599E8800AACC71 /* Release */ = {
			isa = XCBuildConfiguration;
			buildSettings = {
				ALWAYS_SEARCH_USER_PATHS = NO;
				CLANG_ANALYZER_NONNULL = YES;
				CLANG_ANALYZER_NUMBER_OBJECT_CONVERSION = YES_AGGRESSIVE;
				CLANG_CXX_LANGUAGE_STANDARD = "gnu++17";
				CLANG_CXX_LIBRARY = "libc++";
				CLANG_ENABLE_MODULES = YES;
				CLANG_ENABLE_OBJC_ARC = YES;
				CLANG_ENABLE_OBJC_WEAK = YES;
				CLANG_WARN_BLOCK_CAPTURE_AUTORELEASING = YES;
				CLANG_WARN_BOOL_CONVERSION = YES;
				CLANG_WARN_COMMA = YES;
				CLANG_WARN_CONSTANT_CONVERSION = YES;
				CLANG_WARN_DEPRECATED_OBJC_IMPLEMENTATIONS = YES;
				CLANG_WARN_DIRECT_OBJC_ISA_USAGE = YES_ERROR;
				CLANG_WARN_DOCUMENTATION_COMMENTS = YES;
				CLANG_WARN_EMPTY_BODY = YES;
				CLANG_WARN_ENUM_CONVERSION = YES;
				CLANG_WARN_INFINITE_RECURSION = YES;
				CLANG_WARN_INT_CONVERSION = YES;
				CLANG_WARN_NON_LITERAL_NULL_CONVERSION = YES;
				CLANG_WARN_OBJC_IMPLICIT_RETAIN_SELF = YES;
				CLANG_WARN_OBJC_LITERAL_CONVERSION = YES;
				CLANG_WARN_OBJC_ROOT_CLASS = YES_ERROR;
				CLANG_WARN_QUOTED_INCLUDE_IN_FRAMEWORK_HEADER = YES;
				CLANG_WARN_RANGE_LOOP_ANALYSIS = YES;
				CLANG_WARN_STRICT_PROTOTYPES = YES;
				CLANG_WARN_SUSPICIOUS_MOVE = YES;
				CLANG_WARN_UNGUARDED_AVAILABILITY = YES_AGGRESSIVE;
				CLANG_WARN_UNREACHABLE_CODE = YES;
				CLANG_WARN__DUPLICATE_METHOD_MATCH = YES;
				COPY_PHASE_STRIP = NO;
				DEBUG_INFORMATION_FORMAT = "dwarf-with-dsym";
				ENABLE_NS_ASSERTIONS = NO;
				ENABLE_STRICT_OBJC_MSGSEND = YES;
				GCC_C_LANGUAGE_STANDARD = gnu11;
				GCC_NO_COMMON_BLOCKS = YES;
				GCC_WARN_64_TO_32_BIT_CONVERSION = YES;
				GCC_WARN_ABOUT_RETURN_TYPE = YES_ERROR;
				GCC_WARN_UNDECLARED_SELECTOR = YES;
				GCC_WARN_UNINITIALIZED_AUTOS = YES_AGGRESSIVE;
				GCC_WARN_UNUSED_FUNCTION = YES;
				GCC_WARN_UNUSED_VARIABLE = YES;
				IPHONEOS_DEPLOYMENT_TARGET = 15.0;
				MTL_ENABLE_DEBUG_INFO = NO;
				MTL_FAST_MATH = YES;
				SDKROOT = iphoneos;
				SWIFT_COMPILATION_MODE = wholemodule;
				SWIFT_OPTIMIZATION_LEVEL = "-O";
				VALIDATE_PRODUCT = YES;
			};
			name = Release;
		};
		7EE039BF27599E8800AACC71 /* Debug */ = {
			isa = XCBuildConfiguration;
			baseConfigurationReference = 46EBF7B0C05B145F16BF1C4E /* Pods-Quadrant.debug.xcconfig */;
			buildSettings = {
				ASSETCATALOG_COMPILER_APPICON_NAME = AppIcon;
				ASSETCATALOG_COMPILER_GLOBAL_ACCENT_COLOR_NAME = AccentColor;
				CODE_SIGN_STYLE = Automatic;
				CURRENT_PROJECT_VERSION = 1;
				DEVELOPMENT_TEAM = 8A4LK3PM33;
				GENERATE_INFOPLIST_FILE = YES;
				INFOPLIST_FILE = Quadrant/Info.plist;
				INFOPLIST_KEY_UIApplicationSupportsIndirectInputEvents = YES;
				INFOPLIST_KEY_UILaunchStoryboardName = LaunchScreen;
				INFOPLIST_KEY_UISupportedInterfaceOrientations_iPad = "UIInterfaceOrientationPortrait UIInterfaceOrientationPortraitUpsideDown UIInterfaceOrientationLandscapeLeft UIInterfaceOrientationLandscapeRight";
				INFOPLIST_KEY_UISupportedInterfaceOrientations_iPhone = "UIInterfaceOrientationPortrait UIInterfaceOrientationLandscapeLeft UIInterfaceOrientationLandscapeRight";
				IPHONEOS_DEPLOYMENT_TARGET = 13.0;
				LD_RUNPATH_SEARCH_PATHS = (
					"$(inherited)",
					"@executable_path/Frameworks",
				);
				MARKETING_VERSION = 1.0;
				PRODUCT_BUNDLE_IDENTIFIER = com.playground.Quadrant;
				PRODUCT_NAME = "$(TARGET_NAME)";
				SWIFT_EMIT_LOC_STRINGS = YES;
				SWIFT_VERSION = 5.0;
				TARGETED_DEVICE_FAMILY = 1;
			};
			name = Debug;
		};
		7EE039C027599E8800AACC71 /* Release */ = {
			isa = XCBuildConfiguration;
			baseConfigurationReference = 0C3118E513ACE92CCEC88FFB /* Pods-Quadrant.release.xcconfig */;
			buildSettings = {
				ASSETCATALOG_COMPILER_APPICON_NAME = AppIcon;
				ASSETCATALOG_COMPILER_GLOBAL_ACCENT_COLOR_NAME = AccentColor;
				CODE_SIGN_STYLE = Automatic;
				CURRENT_PROJECT_VERSION = 1;
				DEVELOPMENT_TEAM = 8A4LK3PM33;
				GENERATE_INFOPLIST_FILE = YES;
				INFOPLIST_FILE = Quadrant/Info.plist;
				INFOPLIST_KEY_UIApplicationSupportsIndirectInputEvents = YES;
				INFOPLIST_KEY_UILaunchStoryboardName = LaunchScreen;
				INFOPLIST_KEY_UISupportedInterfaceOrientations_iPad = "UIInterfaceOrientationPortrait UIInterfaceOrientationPortraitUpsideDown UIInterfaceOrientationLandscapeLeft UIInterfaceOrientationLandscapeRight";
				INFOPLIST_KEY_UISupportedInterfaceOrientations_iPhone = "UIInterfaceOrientationPortrait UIInterfaceOrientationLandscapeLeft UIInterfaceOrientationLandscapeRight";
				IPHONEOS_DEPLOYMENT_TARGET = 13.0;
				LD_RUNPATH_SEARCH_PATHS = (
					"$(inherited)",
					"@executable_path/Frameworks",
				);
				MARKETING_VERSION = 1.0;
				PRODUCT_BUNDLE_IDENTIFIER = com.playground.Quadrant;
				PRODUCT_NAME = "$(TARGET_NAME)";
				SWIFT_EMIT_LOC_STRINGS = YES;
				SWIFT_VERSION = 5.0;
				TARGETED_DEVICE_FAMILY = 1;
			};
			name = Release;
		};
		7EE039C227599E8800AACC71 /* Debug */ = {
			isa = XCBuildConfiguration;
			baseConfigurationReference = 1C830A86CBA744F7E2A6E13C /* Pods-QuadrantTests.debug.xcconfig */;
			buildSettings = {
				ALWAYS_EMBED_SWIFT_STANDARD_LIBRARIES = YES;
				BUNDLE_LOADER = "$(TEST_HOST)";
				CODE_SIGN_STYLE = Automatic;
				CURRENT_PROJECT_VERSION = 1;
				DEVELOPMENT_TEAM = 8A4LK3PM33;
				GENERATE_INFOPLIST_FILE = YES;
				IPHONEOS_DEPLOYMENT_TARGET = 15.0;
				LD_RUNPATH_SEARCH_PATHS = (
					"$(inherited)",
					"@executable_path/Frameworks",
					"@loader_path/Frameworks",
				);
				MARKETING_VERSION = 1.0;
				PRODUCT_BUNDLE_IDENTIFIER = com.playground.QuadrantTests;
				PRODUCT_NAME = "$(TARGET_NAME)";
				SWIFT_EMIT_LOC_STRINGS = NO;
				SWIFT_VERSION = 5.0;
				TARGETED_DEVICE_FAMILY = "1,2";
				TEST_HOST = "$(BUILT_PRODUCTS_DIR)/Quadrant.app/Quadrant";
			};
			name = Debug;
		};
		7EE039C327599E8800AACC71 /* Release */ = {
			isa = XCBuildConfiguration;
			baseConfigurationReference = DA1418D243856388C9201F96 /* Pods-QuadrantTests.release.xcconfig */;
			buildSettings = {
				ALWAYS_EMBED_SWIFT_STANDARD_LIBRARIES = YES;
				BUNDLE_LOADER = "$(TEST_HOST)";
				CODE_SIGN_STYLE = Automatic;
				CURRENT_PROJECT_VERSION = 1;
				DEVELOPMENT_TEAM = 8A4LK3PM33;
				GENERATE_INFOPLIST_FILE = YES;
				IPHONEOS_DEPLOYMENT_TARGET = 15.0;
				LD_RUNPATH_SEARCH_PATHS = (
					"$(inherited)",
					"@executable_path/Frameworks",
					"@loader_path/Frameworks",
				);
				MARKETING_VERSION = 1.0;
				PRODUCT_BUNDLE_IDENTIFIER = com.playground.QuadrantTests;
				PRODUCT_NAME = "$(TARGET_NAME)";
				SWIFT_EMIT_LOC_STRINGS = NO;
				SWIFT_VERSION = 5.0;
				TARGETED_DEVICE_FAMILY = "1,2";
				TEST_HOST = "$(BUILT_PRODUCTS_DIR)/Quadrant.app/Quadrant";
			};
			name = Release;
		};
		7EE039C527599E8800AACC71 /* Debug */ = {
			isa = XCBuildConfiguration;
			baseConfigurationReference = 6E1CAC3423BA2B50AB2DBC30 /* Pods-Quadrant-QuadrantUITests.debug.xcconfig */;
			buildSettings = {
				ALWAYS_EMBED_SWIFT_STANDARD_LIBRARIES = YES;
				CODE_SIGN_STYLE = Automatic;
				CURRENT_PROJECT_VERSION = 1;
				DEVELOPMENT_TEAM = 8A4LK3PM33;
				GENERATE_INFOPLIST_FILE = YES;
				LD_RUNPATH_SEARCH_PATHS = (
					"$(inherited)",
					"@executable_path/Frameworks",
					"@loader_path/Frameworks",
				);
				MARKETING_VERSION = 1.0;
				PRODUCT_BUNDLE_IDENTIFIER = com.playground.QuadrantUITests;
				PRODUCT_NAME = "$(TARGET_NAME)";
				SWIFT_EMIT_LOC_STRINGS = NO;
				SWIFT_VERSION = 5.0;
				TARGETED_DEVICE_FAMILY = "1,2";
				TEST_TARGET_NAME = Quadrant;
			};
			name = Debug;
		};
		7EE039C627599E8800AACC71 /* Release */ = {
			isa = XCBuildConfiguration;
			baseConfigurationReference = E3EF75726C8E25521363049A /* Pods-Quadrant-QuadrantUITests.release.xcconfig */;
			buildSettings = {
				ALWAYS_EMBED_SWIFT_STANDARD_LIBRARIES = YES;
				CODE_SIGN_STYLE = Automatic;
				CURRENT_PROJECT_VERSION = 1;
				DEVELOPMENT_TEAM = 8A4LK3PM33;
				GENERATE_INFOPLIST_FILE = YES;
				LD_RUNPATH_SEARCH_PATHS = (
					"$(inherited)",
					"@executable_path/Frameworks",
					"@loader_path/Frameworks",
				);
				MARKETING_VERSION = 1.0;
				PRODUCT_BUNDLE_IDENTIFIER = com.playground.QuadrantUITests;
				PRODUCT_NAME = "$(TARGET_NAME)";
				SWIFT_EMIT_LOC_STRINGS = NO;
				SWIFT_VERSION = 5.0;
				TARGETED_DEVICE_FAMILY = "1,2";
				TEST_TARGET_NAME = Quadrant;
			};
			name = Release;
		};
/* End XCBuildConfiguration section */

/* Begin XCConfigurationList section */
		7EE0398F27599E8600AACC71 /* Build configuration list for PBXProject "Quadrant" */ = {
			isa = XCConfigurationList;
			buildConfigurations = (
				7EE039BC27599E8800AACC71 /* Debug */,
				7EE039BD27599E8800AACC71 /* Release */,
			);
			defaultConfigurationIsVisible = 0;
			defaultConfigurationName = Release;
		};
		7EE039BE27599E8800AACC71 /* Build configuration list for PBXNativeTarget "Quadrant" */ = {
			isa = XCConfigurationList;
			buildConfigurations = (
				7EE039BF27599E8800AACC71 /* Debug */,
				7EE039C027599E8800AACC71 /* Release */,
			);
			defaultConfigurationIsVisible = 0;
			defaultConfigurationName = Release;
		};
		7EE039C127599E8800AACC71 /* Build configuration list for PBXNativeTarget "QuadrantTests" */ = {
			isa = XCConfigurationList;
			buildConfigurations = (
				7EE039C227599E8800AACC71 /* Debug */,
				7EE039C327599E8800AACC71 /* Release */,
			);
			defaultConfigurationIsVisible = 0;
			defaultConfigurationName = Release;
		};
		7EE039C427599E8800AACC71 /* Build configuration list for PBXNativeTarget "QuadrantUITests" */ = {
			isa = XCConfigurationList;
			buildConfigurations = (
				7EE039C527599E8800AACC71 /* Debug */,
				7EE039C627599E8800AACC71 /* Release */,
			);
			defaultConfigurationIsVisible = 0;
			defaultConfigurationName = Release;
		};
/* End XCConfigurationList section */
	};
	rootObject = 7EE0398C27599E8600AACC71 /* Project object */;
}
